
Microsoft Visual Studio Solution File, Format Version 12.00
# Visual Studio Version 16
VisualStudioVersion = 16.0.33328.57
MinimumVisualStudioVersion = 10.0.40219.1
Project("{8BC9CEB8-8B4A-11D0-8D11-00A0C91BC942}") = "백준1157 단어공부", "백준1157 단어공부\백준1157 단어공부.vcxproj", "{61C8615E-8C7C-4332-82FB-35657B086569}"
EndProject
Global
	GlobalSection(SolutionConfigurationPlatforms) = preSolution
		Debug|x64 = Debug|x64
		Debug|x86 = Debug|x86
		Release|x64 = Release|x64
		Release|x86 = Release|x86
	EndGlobalSection
	GlobalSection(ProjectConfigurationPlatforms) = postSolution
		{61C8615E-8C7C-4332-82FB-35657B086569}.Debug|x64.ActiveCfg = Debug|x64
		{61C8615E-8C7C-4332-82FB-35657B086569}.Debug|x64.Build.0 = Debug|x64
		{61C8615E-8C7C-4332-82FB-35657B086569}.Debug|x86.ActiveCfg = Debug|Win32
		{61C8615E-8C7C-4332-82FB-35657B086569}.Debug|x86.Build.0 = Debug|Win32
		{61C8615E-8C7C-4332-82FB-35657B086569}.Release|x64.ActiveCfg = Release|x64
		{61C8615E-8C7C-4332-82FB-35657B086569}.Release|x64.Build.0 = Release|x64
		{61C8615E-8C7C-4332-82FB-35657B086569}.Release|x86.ActiveCfg = Release|Win32
		{61C8615E-8C7C-4332-82FB-35657B086569}.Release|x86.Build.0 = Release|Win32
	EndGlobalSection
	GlobalSection(SolutionProperties) = preSolution
		HideSolutionNode = FALSE
	EndGlobalSection
	GlobalSection(ExtensibilityGlobals) = postSolution
		SolutionGuid = {4A6CC3B4-4D5F-4A11-A058-7537FE18DE2B}
	EndGlobalSection
EndGlobal
